// !$*UTF8*$!
{
	archiveVersion = 1;
	classes = {
	};
	objectVersion = 77;
	objects = {

/* Begin PBXBuildFile section */
		A7D2A0C3302A117A00D2AD79 /* ConfettiSwiftUI in Frameworks */ = {isa = PBXBuildFile; productRef = C2000001000000000000000B /* ConfettiSwiftUI */; };
		C20000010000000000000001 /* Alamofire in Frameworks */ = {isa = PBXBuildFile; productRef = C20000010000000000000005 /* Alamofire */; };
		C20000010000000000000002 /* KakaoSDKUser in Frameworks */ = {isa = PBXBuildFile; productRef = C20000010000000000000006 /* KakaoSDKUser */; };
		C20000010000000000000007 /* Lottie in Frameworks */ = {isa = PBXBuildFile; productRef = C20000010000000000000009 /* Lottie */; };
		C2000001000000000000000E /* Lottie in Frameworks */ = {isa = PBXBuildFile; productRef = C2000001000000000000000C /* Lottie */; };
		C2000001000000000000000F /* ConfettiSwiftUI in Frameworks */ = {isa = PBXBuildFile; productRef = C2000001000000000000000D /* ConfettiSwiftUI */; };
		D50000010000000000000001 /* RecapShareExtension.appex in Embed Foundation Extensions */ = {isa = PBXBuildFile; fileRef = D50000010000000000000003 /* RecapShareExtension.appex */; settings = {ATTRIBUTES = (RemoveHeadersOnCopy, ); }; };
		E10000010000000000000002 /* ShareExtensionUploadPipeline.swift in Sources */ = {isa = PBXBuildFile; fileRef = E10000010000000000000001 /* ShareExtensionUploadPipeline.swift */; };
/* End PBXBuildFile section */

/* Begin PBXContainerItemProxy section */
		B10000010000000000000002 /* PBXContainerItemProxy */ = {
			isa = PBXContainerItemProxy;
			containerPortal = A7BB440C2FF2A90B00752373 /* Project object */;
			proxyType = 1;
			remoteGlobalIDString = A7BB44132FF2A90B00752373;
			remoteInfo = Recap;
		};
		D50000010000000000000002 /* PBXContainerItemProxy */ = {
			isa = PBXContainerItemProxy;
			containerPortal = A7BB440C2FF2A90B00752373 /* Project object */;
			proxyType = 1;
			remoteGlobalIDString = D50000010000000000000008;
			remoteInfo = RecapShareExtension;
		};
/* End PBXContainerItemProxy section */

/* Begin PBXCopyFilesBuildPhase section */
		D5000001000000000000000B /* Embed Foundation Extensions */ = {
			isa = PBXCopyFilesBuildPhase;
			buildActionMask = 2147483647;
			dstPath = "";
			dstSubfolderSpec = 13;
			files = (
				D50000010000000000000001 /* RecapShareExtension.appex in Embed Foundation Extensions */,
			);
			name = "Embed Foundation Extensions";
			runOnlyForDeploymentPostprocessing = 0;
		};
/* End PBXCopyFilesBuildPhase section */

/* Begin PBXFileReference section */
		A7BB44142FF2A90B00752373 /* Recap.app */ = {isa = PBXFileReference; explicitFileType = wrapper.application; includeInIndex = 0; path = Recap.app; sourceTree = BUILT_PRODUCTS_DIR; };
		B10000010000000000000001 /* RecapTests.xctest */ = {isa = PBXFileReference; explicitFileType = wrapper.cfbundle; includeInIndex = 0; path = RecapTests.xctest; sourceTree = BUILT_PRODUCTS_DIR; };
		C40000010000000000000001 /* App.xcconfig */ = {isa = PBXFileReference; lastKnownFileType = text.xcconfig; path = App.xcconfig; sourceTree = "<group>"; };
		C40000010000000000000002 /* Secrets.xcconfig.example */ = {isa = PBXFileReference; lastKnownFileType = text.xcconfig; path = Secrets.xcconfig.example; sourceTree = "<group>"; };
		C40000010000000000000004 /* Secrets.xcconfig */ = {isa = PBXFileReference; lastKnownFileType = text.xcconfig; path = Secrets.xcconfig; sourceTree = "<group>"; };
		D50000010000000000000003 /* RecapShareExtension.appex */ = {isa = PBXFileReference; explicitFileType = "wrapper.app-extension"; includeInIndex = 0; path = RecapShareExtension.appex; sourceTree = BUILT_PRODUCTS_DIR; };
		E10000010000000000000001 /* ShareExtensionUploadPipeline.swift */ = {isa = PBXFileReference; lastKnownFileType = sourcecode.swift; name = ShareExtensionUploadPipeline.swift; path = RecapShareExtension/ShareExtensionUploadPipeline.swift; sourceTree = SOURCE_ROOT; };
/* End PBXFileReference section */

/* Begin PBXFileSystemSynchronizedBuildFileExceptionSet section */
		C30000010000000000000001 /* Exceptions for "Recap" folder in "Recap" target */ = {
			isa = PBXFileSystemSynchronizedBuildFileExceptionSet;
			membershipExceptions = (
				Info.plist,
			);
			target = A7BB44132FF2A90B00752373 /* Recap */;
		};
		D50000010000000000000006 /* Exceptions for "RecapShareExtension" folder in "RecapShareExtension" target */ = {
			isa = PBXFileSystemSynchronizedBuildFileExceptionSet;
			membershipExceptions = (
				Info.plist,
			);
			target = D50000010000000000000008 /* RecapShareExtension */;
		};
/* End PBXFileSystemSynchronizedBuildFileExceptionSet section */

/* Begin PBXFileSystemSynchronizedRootGroup section */
		A7BB44162FF2A90B00752373 /* Recap */ = {
			isa = PBXFileSystemSynchronizedRootGroup;
			exceptions = (
				C30000010000000000000001 /* Exceptions for "Recap" folder in "Recap" target */,
			);
			path = Recap;
			sourceTree = "<group>";
		};
		B10000010000000000000003 /* RecapTests */ = {
			isa = PBXFileSystemSynchronizedRootGroup;
			path = RecapTests;
			sourceTree = "<group>";
		};
		D50000010000000000000004 /* Shared */ = {
			isa = PBXFileSystemSynchronizedRootGroup;
			path = Shared;
			sourceTree = "<group>";
		};
		D50000010000000000000005 /* RecapShareExtension */ = {
			isa = PBXFileSystemSynchronizedRootGroup;
			exceptions = (
				D50000010000000000000006 /* Exceptions for "RecapShareExtension" folder in "RecapShareExtension" target */,
			);
			path = RecapShareExtension;
			sourceTree = "<group>";
		};
/* End PBXFileSystemSynchronizedRootGroup section */

/* Begin PBXFrameworksBuildPhase section */
		A7BB44112FF2A90B00752373 /* Frameworks */ = {
			isa = PBXFrameworksBuildPhase;
			buildActionMask = 2147483647;
			files = (
				A7D2A0C3302A117A00D2AD79 /* ConfettiSwiftUI in Frameworks */,
				C20000010000000000000001 /* Alamofire in Frameworks */,
				C20000010000000000000002 /* KakaoSDKUser in Frameworks */,
				C20000010000000000000007 /* Lottie in Frameworks */,
			);
			runOnlyForDeploymentPostprocessing = 0;
		};
		B10000010000000000000004 /* Frameworks */ = {
			isa = PBXFrameworksBuildPhase;
			buildActionMask = 2147483647;
			files = (
			);
			runOnlyForDeploymentPostprocessing = 0;
		};
		D50000010000000000000007 /* Frameworks */ = {
			isa = PBXFrameworksBuildPhase;
			buildActionMask = 2147483647;
			files = (
				C2000001000000000000000E /* Lottie in Frameworks */,
				C2000001000000000000000F /* ConfettiSwiftUI in Frameworks */,
			);
			runOnlyForDeploymentPostprocessing = 0;
		};
/* End PBXFrameworksBuildPhase section */

/* Begin PBXGroup section */
		A7BB440B2FF2A90B00752373 = {
			isa = PBXGroup;
			children = (
				C40000010000000000000003 /* Config */,
				A7BB44162FF2A90B00752373 /* Recap */,
				D50000010000000000000004 /* Shared */,
				D50000010000000000000005 /* RecapShareExtension */,
				B10000010000000000000003 /* RecapTests */,
				A7BB44152FF2A90B00752373 /* Products */,
				A7D29AC1302A04A300D2AD79 /* Recovered References */,
			);
			sourceTree = "<group>";
		};
		A7BB44152FF2A90B00752373 /* Products */ = {
			isa = PBXGroup;
			children = (
				A7BB44142FF2A90B00752373 /* Recap.app */,
				D50000010000000000000003 /* RecapShareExtension.appex */,
				B10000010000000000000001 /* RecapTests.xctest */,
			);
			name = Products;
			sourceTree = "<group>";
		};
		A7D29AC1302A04A300D2AD79 /* Recovered References */ = {
			isa = PBXGroup;
			children = (
				E10000010000000000000001 /* ShareExtensionUploadPipeline.swift */,
			);
			name = "Recovered References";
			sourceTree = "<group>";
		};
		C40000010000000000000003 /* Config */ = {
			isa = PBXGroup;
			children = (
				C40000010000000000000001 /* App.xcconfig */,
				C40000010000000000000004 /* Secrets.xcconfig */,
				C40000010000000000000002 /* Secrets.xcconfig.example */,
			);
			path = Config;
			sourceTree = "<group>";
		};
/* End PBXGroup section */

/* Begin PBXNativeTarget section */
		A7BB44132FF2A90B00752373 /* Recap */ = {
			isa = PBXNativeTarget;
			buildConfigurationList = A7BB441F2FF2A90D00752373 /* Build configuration list for PBXNativeTarget "Recap" */;
			buildPhases = (
				A7BB44102FF2A90B00752373 /* Sources */,
				A7BB44112FF2A90B00752373 /* Frameworks */,
				A7BB44122FF2A90B00752373 /* Resources */,
				D5000001000000000000000B /* Embed Foundation Extensions */,
			);
			buildRules = (
			);
			dependencies = (
				D5000001000000000000000C /* PBXTargetDependency */,
			);
			fileSystemSynchronizedGroups = (
				A7BB44162FF2A90B00752373 /* Recap */,
				D50000010000000000000004 /* Shared */,
			);
			name = Recap;
			packageProductDependencies = (
				C20000010000000000000005 /* Alamofire */,
				C20000010000000000000006 /* KakaoSDKUser */,
				C20000010000000000000009 /* Lottie */,
				C2000001000000000000000B /* ConfettiSwiftUI */,
			);
			productName = Recap;
			productReference = A7BB44142FF2A90B00752373 /* Recap.app */;
			productType = "com.apple.product-type.application";
		};
		B10000010000000000000005 /* RecapTests */ = {
			isa = PBXNativeTarget;
			buildConfigurationList = B10000010000000000000006 /* Build configuration list for PBXNativeTarget "RecapTests" */;
			buildPhases = (
				B10000010000000000000007 /* Sources */,
				B10000010000000000000004 /* Frameworks */,
				B10000010000000000000008 /* Resources */,
			);
			buildRules = (
			);
			dependencies = (
				B10000010000000000000009 /* PBXTargetDependency */,
			);
			fileSystemSynchronizedGroups = (
				B10000010000000000000003 /* RecapTests */,
			);
			name = RecapTests;
			packageProductDependencies = (
			);
			productName = RecapTests;
			productReference = B10000010000000000000001 /* RecapTests.xctest */;
			productType = "com.apple.product-type.bundle.unit-test";
		};
		D50000010000000000000008 /* RecapShareExtension */ = {
			isa = PBXNativeTarget;
			buildConfigurationList = D5000001000000000000000F /* Build configuration list for PBXNativeTarget "RecapShareExtension" */;
			buildPhases = (
				D5000001000000000000000A /* Sources */,
				D50000010000000000000007 /* Frameworks */,
				D50000010000000000000009 /* Resources */,
			);
			buildRules = (
			);
			dependencies = (
			);
			fileSystemSynchronizedGroups = (
				D50000010000000000000004 /* Shared */,
				D50000010000000000000005 /* RecapShareExtension */,
			);
			name = RecapShareExtension;
			packageProductDependencies = (
				C2000001000000000000000C /* Lottie */,
				C2000001000000000000000D /* ConfettiSwiftUI */,
			);
			productName = RecapShareExtension;
			productReference = D50000010000000000000003 /* RecapShareExtension.appex */;
			productType = "com.apple.product-type.app-extension";
		};
/* End PBXNativeTarget section */

/* Begin PBXProject section */
		A7BB440C2FF2A90B00752373 /* Project object */ = {
			isa = PBXProject;
			attributes = {
				BuildIndependentTargetsInParallel = 1;
				LastSwiftUpdateCheck = 2650;
				LastUpgradeCheck = 2660;
				TargetAttributes = {
					A7BB44132FF2A90B00752373 = {
						CreatedOnToolsVersion = 26.5;
						SystemCapabilities = {
							com.apple.SignInWithApple = {
								enabled = 1;
							};
						};
					};
					B10000010000000000000005 = {
						CreatedOnToolsVersion = 26.5;
						TestTargetID = A7BB44132FF2A90B00752373;
					};
					D50000010000000000000008 = {
						CreatedOnToolsVersion = 26.5;
					};
				};
			};
			buildConfigurationList = A7BB440F2FF2A90B00752373 /* Build configuration list for PBXProject "Recap" */;
			developmentRegion = en;
			hasScannedForEncodings = 0;
			knownRegions = (
				en,
				Base,
			);
			mainGroup = A7BB440B2FF2A90B00752373;
			minimizedProjectReferenceProxies = 1;
			packageReferences = (
				C20000010000000000000003 /* XCRemoteSwiftPackageReference "Alamofire" */,
				C20000010000000000000004 /* XCRemoteSwiftPackageReference "kakao-ios-sdk" */,
				C20000010000000000000008 /* XCRemoteSwiftPackageReference "lottie-spm" */,
				C2000001000000000000000A /* XCRemoteSwiftPackageReference "ConfettiSwiftUI" */,
			);
			preferredProjectObjectVersion = 77;
			productRefGroup = A7BB44152FF2A90B00752373 /* Products */;
			projectDirPath = "";
			projectRoot = "";
			targets = (
				A7BB44132FF2A90B00752373 /* Recap */,
				B10000010000000000000005 /* RecapTests */,
				D50000010000000000000008 /* RecapShareExtension */,
			);
		};
/* End PBXProject section */

/* Begin PBXResourcesBuildPhase section */
		A7BB44122FF2A90B00752373 /* Resources */ = {
			isa = PBXResourcesBuildPhase;
			buildActionMask = 2147483647;
			files = (
			);
			runOnlyForDeploymentPostprocessing = 0;
		};
		B10000010000000000000008 /* Resources */ = {
			isa = PBXResourcesBuildPhase;
			buildActionMask = 2147483647;
			files = (
			);
			runOnlyForDeploymentPostprocessing = 0;
		};
		D50000010000000000000009 /* Resources */ = {
			isa = PBXResourcesBuildPhase;
			buildActionMask = 2147483647;
			files = (
			);
			runOnlyForDeploymentPostprocessing = 0;
		};
/* End PBXResourcesBuildPhase section */

/* Begin PBXSourcesBuildPhase section */
		A7BB44102FF2A90B00752373 /* Sources */ = {
			isa = PBXSourcesBuildPhase;
			buildActionMask = 2147483647;
			files = (
			);
			runOnlyForDeploymentPostprocessing = 0;
		};
		B10000010000000000000007 /* Sources */ = {
			isa = PBXSourcesBuildPhase;
			buildActionMask = 2147483647;
			files = (
				E10000010000000000000002 /* ShareExtensionUploadPipeline.swift in Sources */,
			);
			runOnlyForDeploymentPostprocessing = 0;
		};
		D5000001000000000000000A /* Sources */ = {
			isa = PBXSourcesBuildPhase;
			buildActionMask = 2147483647;
			files = (
			);
			runOnlyForDeploymentPostprocessing = 0;
		};
/* End PBXSourcesBuildPhase section */

/* Begin PBXTargetDependency section */
		B10000010000000000000009 /* PBXTargetDependency */ = {
			isa = PBXTargetDependency;
			target = A7BB44132FF2A90B00752373 /* Recap */;
			targetProxy = B10000010000000000000002 /* PBXContainerItemProxy */;
		};
		D5000001000000000000000C /* PBXTargetDependency */ = {
			isa = PBXTargetDependency;
			target = D50000010000000000000008 /* RecapShareExtension */;
			targetProxy = D50000010000000000000002 /* PBXContainerItemProxy */;
		};
/* End PBXTargetDependency section */

/* Begin XCBuildConfiguration section */
		A7BB441D2FF2A90D00752373 /* Debug */ = {
			isa = XCBuildConfiguration;
			buildSettings = {
				ALWAYS_SEARCH_USER_PATHS = NO;
				ASSETCATALOG_COMPILER_GENERATE_SWIFT_ASSET_SYMBOL_EXTENSIONS = YES;
				CLANG_ANALYZER_NONNULL = YES;
				CLANG_ANALYZER_NUMBER_OBJECT_CONVERSION = YES_AGGRESSIVE;
				CLANG_CXX_LANGUAGE_STANDARD = "gnu++20";
				CLANG_ENABLE_MODULES = YES;
				CLANG_ENABLE_OBJC_ARC = YES;
				CLANG_ENABLE_OBJC_WEAK = YES;
				CLANG_WARN_BLOCK_CAPTURE_AUTORELEASING = YES;
				CLANG_WARN_BOOL_CONVERSION = YES;
				CLANG_WARN_COMMA = YES;
				CLANG_WARN_CONSTANT_CONVERSION = YES;
				CLANG_WARN_DEPRECATED_OBJC_IMPLEMENTATIONS = YES;
				CLANG_WARN_DIRECT_OBJC_ISA_USAGE = YES_ERROR;
				CLANG_WARN_DOCUMENTATION_COMMENTS = YES;
				CLANG_WARN_EMPTY_BODY = YES;
				CLANG_WARN_ENUM_CONVERSION = YES;
				CLANG_WARN_INFINITE_RECURSION = YES;
				CLANG_WARN_INT_CONVERSION = YES;
				CLANG_WARN_NON_LITERAL_NULL_CONVERSION = YES;
				CLANG_WARN_OBJC_IMPLICIT_RETAIN_SELF = YES;
				CLANG_WARN_OBJC_LITERAL_CONVERSION = YES;
				CLANG_WARN_OBJC_ROOT_CLASS = YES_ERROR;
				CLANG_WARN_QUOTED_INCLUDE_IN_FRAMEWORK_HEADER = YES;
				CLANG_WARN_RANGE_LOOP_ANALYSIS = YES;
				CLANG_WARN_STRICT_PROTOTYPES = YES;
				CLANG_WARN_SUSPICIOUS_MOVE = YES;
				CLANG_WARN_UNGUARDED_AVAILABILITY = YES_AGGRESSIVE;
				CLANG_WARN_UNREACHABLE_CODE = YES;
				CLANG_WARN__DUPLICATE_METHOD_MATCH = YES;
				COPY_PHASE_STRIP = NO;
				DEBUG_INFORMATION_FORMAT = dwarf;
				DEVELOPMENT_TEAM = JMAUFK6U82;
				ENABLE_STRICT_OBJC_MSGSEND = YES;
				ENABLE_TESTABILITY = YES;
				ENABLE_USER_SCRIPT_SANDBOXING = YES;
				GCC_C_LANGUAGE_STANDARD = gnu17;
				GCC_DYNAMIC_NO_PIC = NO;
				GCC_NO_COMMON_BLOCKS = YES;
				GCC_OPTIMIZATION_LEVEL = 0;
				GCC_PREPROCESSOR_DEFINITIONS = (
					"DEBUG=1",
					"$(inherited)",
				);
				GCC_WARN_64_TO_32_BIT_CONVERSION = YES;
				GCC_WARN_ABOUT_RETURN_TYPE = YES_ERROR;
				GCC_WARN_UNDECLARED_SELECTOR = YES;
				GCC_WARN_UNINITIALIZED_AUTOS = YES_AGGRESSIVE;
				GCC_WARN_UNUSED_FUNCTION = YES;
				GCC_WARN_UNUSED_VARIABLE = YES;
				IPHONEOS_DEPLOYMENT_TARGET = 26.0;
				LOCALIZATION_PREFERS_STRING_CATALOGS = YES;
				MTL_ENABLE_DEBUG_INFO = INCLUDE_SOURCE;
				MTL_FAST_MATH = YES;
				ONLY_ACTIVE_ARCH = YES;
				SDKROOT = iphoneos;
				STRING_CATALOG_GENERATE_SYMBOLS = YES;
				SWIFT_ACTIVE_COMPILATION_CONDITIONS = "DEBUG $(inherited)";
				SWIFT_OPTIMIZATION_LEVEL = "-Onone";
			};
			name = Debug;
		};
		A7BB441E2FF2A90D00752373 /* Release */ = {
			isa = XCBuildConfiguration;
			buildSettings = {
				ALWAYS_SEARCH_USER_PATHS = NO;
				ASSETCATALOG_COMPILER_GENERATE_SWIFT_ASSET_SYMBOL_EXTENSIONS = YES;
				CLANG_ANALYZER_NONNULL = YES;
				CLANG_ANALYZER_NUMBER_OBJECT_CONVERSION = YES_AGGRESSIVE;
				CLANG_CXX_LANGUAGE_STANDARD = "gnu++20";
				CLANG_ENABLE_MODULES = YES;
				CLANG_ENABLE_OBJC_ARC = YES;
				CLANG_ENABLE_OBJC_WEAK = YES;
				CLANG_WARN_BLOCK_CAPTURE_AUTORELEASING = YES;
				CLANG_WARN_BOOL_CONVERSION = YES;
				CLANG_WARN_COMMA = YES;
				CLANG_WARN_CONSTANT_CONVERSION = YES;
				CLANG_WARN_DEPRECATED_OBJC_IMPLEMENTATIONS = YES;
				CLANG_WARN_DIRECT_OBJC_ISA_USAGE = YES_ERROR;
				CLANG_WARN_DOCUMENTATION_COMMENTS = YES;
				CLANG_WARN_EMPTY_BODY = YES;
				CLANG_WARN_ENUM_CONVERSION = YES;
				CLANG_WARN_INFINITE_RECURSION = YES;
				CLANG_WARN_INT_CONVERSION = YES;
				CLANG_WARN_NON_LITERAL_NULL_CONVERSION = YES;
				CLANG_WARN_OBJC_IMPLICIT_RETAIN_SELF = YES;
				CLANG_WARN_OBJC_LITERAL_CONVERSION = YES;
				CLANG_WARN_OBJC_ROOT_CLASS = YES_ERROR;
				CLANG_WARN_QUOTED_INCLUDE_IN_FRAMEWORK_HEADER = YES;
				CLANG_WARN_RANGE_LOOP_ANALYSIS = YES;
				CLANG_WARN_STRICT_PROTOTYPES = YES;
				CLANG_WARN_SUSPICIOUS_MOVE = YES;
				CLANG_WARN_UNGUARDED_AVAILABILITY = YES_AGGRESSIVE;
				CLANG_WARN_UNREACHABLE_CODE = YES;
				CLANG_WARN__DUPLICATE_METHOD_MATCH = YES;
				COPY_PHASE_STRIP = NO;
				DEBUG_INFORMATION_FORMAT = "dwarf-with-dsym";
				DEVELOPMENT_TEAM = JMAUFK6U82;
				ENABLE_NS_ASSERTIONS = NO;
				ENABLE_STRICT_OBJC_MSGSEND = YES;
				ENABLE_USER_SCRIPT_SANDBOXING = YES;
				GCC_C_LANGUAGE_STANDARD = gnu17;
				GCC_NO_COMMON_BLOCKS = YES;
				GCC_WARN_64_TO_32_BIT_CONVERSION = YES;
				GCC_WARN_ABOUT_RETURN_TYPE = YES_ERROR;
				GCC_WARN_UNDECLARED_SELECTOR = YES;
				GCC_WARN_UNINITIALIZED_AUTOS = YES_AGGRESSIVE;
				GCC_WARN_UNUSED_FUNCTION = YES;
				GCC_WARN_UNUSED_VARIABLE = YES;
				IPHONEOS_DEPLOYMENT_TARGET = 26.0;
				LOCALIZATION_PREFERS_STRING_CATALOGS = YES;
				MTL_ENABLE_DEBUG_INFO = NO;
				MTL_FAST_MATH = YES;
				SDKROOT = iphoneos;
				STRING_CATALOG_GENERATE_SYMBOLS = YES;
				SWIFT_COMPILATION_MODE = wholemodule;
				VALIDATE_PRODUCT = YES;
			};
			name = Release;
		};
		A7BB44202FF2A90D00752373 /* Debug */ = {
			isa = XCBuildConfiguration;
			baseConfigurationReference = C40000010000000000000001 /* App.xcconfig */;
			buildSettings = {
				APP_RUNTIME_PROFILE = live;
				"APP_RUNTIME_PROFILE[sdk=iphonesimulator*]" = mock;
				ASSETCATALOG_COMPILER_APPICON_NAME = AppIcon;
				ASSETCATALOG_COMPILER_GLOBAL_ACCENT_COLOR_NAME = AccentColor;
				BACKEND_BASE_URL = "https://re-cap.duckdns.org";
				CODE_SIGN_ENTITLEMENTS = Recap/Recap.entitlements;
				CODE_SIGN_IDENTITY = "Apple Development";
				"CODE_SIGN_IDENTITY[sdk=iphoneos*]" = "iPhone Developer";
				CODE_SIGN_STYLE = Manual;
				CURRENT_PROJECT_VERSION = 1;
				DEVELOPMENT_TEAM = "";
				"DEVELOPMENT_TEAM[sdk=iphoneos*]" = 6A2Z7YP3KV;
				ENABLE_PREVIEWS = YES;
				GENERATE_INFOPLIST_FILE = NO;
				INFOPLIST_FILE = Recap/Info.plist;
				LD_RUNPATH_SEARCH_PATHS = (
					"$(inherited)",
					"@executable_path/Frameworks",
				);
				MARKETING_VERSION = 1.0;
				PRODUCT_BUNDLE_IDENTIFIER = com.cmc.recap;
				PRODUCT_NAME = "$(TARGET_NAME)";
				PROVISIONING_PROFILE_SPECIFIER = "";
				"PROVISIONING_PROFILE_SPECIFIER[sdk=iphoneos*]" = RecapProfile00;
				STRING_CATALOG_GENERATE_SYMBOLS = YES;
				SWIFT_APPROACHABLE_CONCURRENCY = YES;
				SWIFT_DEFAULT_ACTOR_ISOLATION = MainActor;
				SWIFT_EMIT_LOC_STRINGS = YES;
				SWIFT_UPCOMING_FEATURE_MEMBER_IMPORT_VISIBILITY = YES;
				SWIFT_VERSION = 6.0;
				TARGETED_DEVICE_FAMILY = 1;
			};
			name = Debug;
		};
		A7BB44212FF2A90D00752373 /* Release */ = {
			isa = XCBuildConfiguration;
			baseConfigurationReference = C40000010000000000000001 /* App.xcconfig */;
			buildSettings = {
				APP_RUNTIME_PROFILE = live;
				ASSETCATALOG_COMPILER_APPICON_NAME = AppIcon;
				ASSETCATALOG_COMPILER_GLOBAL_ACCENT_COLOR_NAME = AccentColor;
				BACKEND_BASE_URL = "https://re-cap.duckdns.org";
				CODE_SIGN_ENTITLEMENTS = Recap/Recap.entitlements;
				CODE_SIGN_IDENTITY = "Apple Development";
				"CODE_SIGN_IDENTITY[sdk=iphoneos*]" = "iPhone Developer";
				CODE_SIGN_STYLE = Manual;
				CURRENT_PROJECT_VERSION = 1;
				DEVELOPMENT_TEAM = "";
				"DEVELOPMENT_TEAM[sdk=iphoneos*]" = 6A2Z7YP3KV;
				ENABLE_PREVIEWS = YES;
				GENERATE_INFOPLIST_FILE = NO;
				INFOPLIST_FILE = Recap/Info.plist;
				LD_RUNPATH_SEARCH_PATHS = (
					"$(inherited)",
					"@executable_path/Frameworks",
				);
				MARKETING_VERSION = 1.0;
				PRODUCT_BUNDLE_IDENTIFIER = com.cmc.recap;
				PRODUCT_NAME = "$(TARGET_NAME)";
				PROVISIONING_PROFILE_SPECIFIER = "";
				"PROVISIONING_PROFILE_SPECIFIER[sdk=iphoneos*]" = RecapProfile00;
				STRING_CATALOG_GENERATE_SYMBOLS = YES;
				SWIFT_APPROACHABLE_CONCURRENCY = YES;
				SWIFT_DEFAULT_ACTOR_ISOLATION = MainActor;
				SWIFT_EMIT_LOC_STRINGS = YES;
				SWIFT_UPCOMING_FEATURE_MEMBER_IMPORT_VISIBILITY = YES;
				SWIFT_VERSION = 6.0;
				TARGETED_DEVICE_FAMILY = 1;
			};
			name = Release;
		};
		B1000001000000000000000A /* Debug */ = {
			isa = XCBuildConfiguration;
			buildSettings = {
				BUNDLE_LOADER = "$(TEST_HOST)";
				CODE_SIGN_STYLE = Automatic;
				CURRENT_PROJECT_VERSION = 1;
				DEVELOPMENT_TEAM = JMAUFK6U82;
				GENERATE_INFOPLIST_FILE = YES;
				IPHONEOS_DEPLOYMENT_TARGET = 26.0;
				MARKETING_VERSION = 1.0;
				PRODUCT_BUNDLE_IDENTIFIER = com.centralmakeus.recap.tests;
				PRODUCT_NAME = "$(TARGET_NAME)";
				SWIFT_DEFAULT_ACTOR_ISOLATION = nonisolated;
				SWIFT_VERSION = 6.0;
				TARGETED_DEVICE_FAMILY = 1;
				TEST_HOST = "$(BUILT_PRODUCTS_DIR)/Recap.app/$(BUNDLE_EXECUTABLE_FOLDER_PATH)/Recap";
			};
			name = Debug;
		};
		B1000001000000000000000B /* Release */ = {
			isa = XCBuildConfiguration;
			buildSettings = {
				BUNDLE_LOADER = "$(TEST_HOST)";
				CODE_SIGN_STYLE = Automatic;
				CURRENT_PROJECT_VERSION = 1;
				DEVELOPMENT_TEAM = JMAUFK6U82;
				GENERATE_INFOPLIST_FILE = YES;
				IPHONEOS_DEPLOYMENT_TARGET = 26.0;
				MARKETING_VERSION = 1.0;
				PRODUCT_BUNDLE_IDENTIFIER = com.centralmakeus.recap.tests;
				PRODUCT_NAME = "$(TARGET_NAME)";
				SWIFT_DEFAULT_ACTOR_ISOLATION = nonisolated;
				SWIFT_VERSION = 6.0;
				TARGETED_DEVICE_FAMILY = 1;
				TEST_HOST = "$(BUILT_PRODUCTS_DIR)/Recap.app/$(BUNDLE_EXECUTABLE_FOLDER_PATH)/Recap";
			};
			name = Release;
		};
		D5000001000000000000000D /* Debug */ = {
			isa = XCBuildConfiguration;
			baseConfigurationReference = C40000010000000000000001 /* App.xcconfig */;
			buildSettings = {
				APPLICATION_EXTENSION_API_ONLY = YES;
				APP_RUNTIME_PROFILE = live;
				"APP_RUNTIME_PROFILE[sdk=iphonesimulator*]" = mock;
				ASSETCATALOG_COMPILER_GENERATE_SWIFT_ASSET_SYMBOL_EXTENSIONS = YES;
				BACKEND_BASE_URL = "https://re-cap.duckdns.org";
				CODE_SIGN_ENTITLEMENTS = RecapShareExtension/RecapShareExtension.entitlements;
				"CODE_SIGN_IDENTITY[sdk=iphoneos*]" = "iPhone Developer";
				CODE_SIGN_STYLE = Manual;
				CURRENT_PROJECT_VERSION = 1;
				DEVELOPMENT_TEAM = "";
				"DEVELOPMENT_TEAM[sdk=iphoneos*]" = 6A2Z7YP3KV;
				GENERATE_INFOPLIST_FILE = NO;
				INFOPLIST_FILE = RecapShareExtension/Info.plist;
				IPHONEOS_DEPLOYMENT_TARGET = 26.0;
				LD_RUNPATH_SEARCH_PATHS = (
					"$(inherited)",
					"@executable_path/Frameworks",
					"@executable_path/../../Frameworks",
				);
				MARKETING_VERSION = 1.0;
				PRODUCT_BUNDLE_IDENTIFIER = com.cmc.recap.ShareExtension;
				PRODUCT_NAME = "$(TARGET_NAME)";
				PROVISIONING_PROFILE_SPECIFIER = "";
				"PROVISIONING_PROFILE_SPECIFIER[sdk=iphoneos*]" = RecapShareExtensionProfile00;
				SKIP_INSTALL = YES;
				STRING_CATALOG_GENERATE_SYMBOLS = YES;
				SWIFT_APPROACHABLE_CONCURRENCY = YES;
				SWIFT_DEFAULT_ACTOR_ISOLATION = nonisolated;
				SWIFT_EMIT_LOC_STRINGS = YES;
				SWIFT_UPCOMING_FEATURE_MEMBER_IMPORT_VISIBILITY = YES;
				SWIFT_VERSION = 6.0;
				TARGETED_DEVICE_FAMILY = 1;
			};
			name = Debug;
		};
		D5000001000000000000000E /* Release */ = {
			isa = XCBuildConfiguration;
			baseConfigurationReference = C40000010000000000000001 /* App.xcconfig */;
			buildSettings = {
				APPLICATION_EXTENSION_API_ONLY = YES;
				APP_RUNTIME_PROFILE = live;
				ASSETCATALOG_COMPILER_GENERATE_SWIFT_ASSET_SYMBOL_EXTENSIONS = YES;
				BACKEND_BASE_URL = "https://re-cap.duckdns.org";
				CODE_SIGN_ENTITLEMENTS = RecapShareExtension/RecapShareExtension.entitlements;
				"CODE_SIGN_IDENTITY[sdk=iphoneos*]" = "iPhone Developer";
				CODE_SIGN_STYLE = Manual;
				CURRENT_PROJECT_VERSION = 1;
				DEVELOPMENT_TEAM = "";
				"DEVELOPMENT_TEAM[sdk=iphoneos*]" = 6A2Z7YP3KV;
				GENERATE_INFOPLIST_FILE = NO;
				INFOPLIST_FILE = RecapShareExtension/Info.plist;
				IPHONEOS_DEPLOYMENT_TARGET = 26.0;
				LD_RUNPATH_SEARCH_PATHS = (
					"$(inherited)",
					"@executable_path/Frameworks",
					"@executable_path/../../Frameworks",
				);
				MARKETING_VERSION = 1.0;
				PRODUCT_BUNDLE_IDENTIFIER = com.cmc.recap.ShareExtension;
				PRODUCT_NAME = "$(TARGET_NAME)";
				PROVISIONING_PROFILE_SPECIFIER = "";
				"PROVISIONING_PROFILE_SPECIFIER[sdk=iphoneos*]" = RecapShareExtensionProfile00;
				SKIP_INSTALL = YES;
				STRING_CATALOG_GENERATE_SYMBOLS = YES;
				SWIFT_APPROACHABLE_CONCURRENCY = YES;
				SWIFT_DEFAULT_ACTOR_ISOLATION = nonisolated;
				SWIFT_EMIT_LOC_STRINGS = YES;
				SWIFT_UPCOMING_FEATURE_MEMBER_IMPORT_VISIBILITY = YES;
				SWIFT_VERSION = 6.0;
				TARGETED_DEVICE_FAMILY = 1;
			};
			name = Release;
		};
/* End XCBuildConfiguration section */

/* Begin XCConfigurationList section */
		A7BB440F2FF2A90B00752373 /* Build configuration list for PBXProject "Recap" */ = {
			isa = XCConfigurationList;
			buildConfigurations = (
				A7BB441D2FF2A90D00752373 /* Debug */,
				A7BB441E2FF2A90D00752373 /* Release */,
			);
			defaultConfigurationIsVisible = 0;
			defaultConfigurationName = Release;
		};
		A7BB441F2FF2A90D00752373 /* Build configuration list for PBXNativeTarget "Recap" */ = {
			isa = XCConfigurationList;
			buildConfigurations = (
				A7BB44202FF2A90D00752373 /* Debug */,
				A7BB44212FF2A90D00752373 /* Release */,
			);
			defaultConfigurationIsVisible = 0;
			defaultConfigurationName = Release;
		};
		B10000010000000000000006 /* Build configuration list for PBXNativeTarget "RecapTests" */ = {
			isa = XCConfigurationList;
			buildConfigurations = (
				B1000001000000000000000A /* Debug */,
				B1000001000000000000000B /* Release */,
			);
			defaultConfigurationIsVisible = 0;
			defaultConfigurationName = Release;
		};
		D5000001000000000000000F /* Build configuration list for PBXNativeTarget "RecapShareExtension" */ = {
			isa = XCConfigurationList;
			buildConfigurations = (
				D5000001000000000000000D /* Debug */,
				D5000001000000000000000E /* Release */,
			);
			defaultConfigurationIsVisible = 0;
			defaultConfigurationName = Release;
		};
/* End XCConfigurationList section */

/* Begin XCRemoteSwiftPackageReference section */
		C20000010000000000000003 /* XCRemoteSwiftPackageReference "Alamofire" */ = {
			isa = XCRemoteSwiftPackageReference;
			repositoryURL = "https://github.com/Alamofire/Alamofire.git";
			requirement = {
				kind = exactVersion;
				version = 5.12.0;
			};
		};
		C20000010000000000000004 /* XCRemoteSwiftPackageReference "kakao-ios-sdk" */ = {
			isa = XCRemoteSwiftPackageReference;
			repositoryURL = "https://github.com/kakao/kakao-ios-sdk.git";
			requirement = {
				kind = exactVersion;
				version = 2.28.0;
			};
		};
		C20000010000000000000008 /* XCRemoteSwiftPackageReference "lottie-spm" */ = {
			isa = XCRemoteSwiftPackageReference;
			repositoryURL = "https://github.com/airbnb/lottie-spm.git";
			requirement = {
				kind = exactVersion;
				version = 4.6.1;
			};
		};
		C2000001000000000000000A /* XCRemoteSwiftPackageReference "ConfettiSwiftUI" */ = {
			isa = XCRemoteSwiftPackageReference;
			repositoryURL = "https://github.com/simibac/ConfettiSwiftUI.git";
			requirement = {
				kind = exactVersion;
				version = 3.0.0;
			};
		};
/* End XCRemoteSwiftPackageReference section */

/* Begin XCSwiftPackageProductDependency section */
		C20000010000000000000005 /* Alamofire */ = {
			isa = XCSwiftPackageProductDependency;
			package = C20000010000000000000003 /* XCRemoteSwiftPackageReference "Alamofire" */;
			productName = Alamofire;
		};
		C20000010000000000000006 /* KakaoSDKUser */ = {
			isa = XCSwiftPackageProductDependency;
			package = C20000010000000000000004 /* XCRemoteSwiftPackageReference "kakao-ios-sdk" */;
			productName = KakaoSDKUser;
		};
		C20000010000000000000009 /* Lottie */ = {
			isa = XCSwiftPackageProductDependency;
			package = C20000010000000000000008 /* XCRemoteSwiftPackageReference "lottie-spm" */;
			productName = Lottie;
		};
		C2000001000000000000000B /* ConfettiSwiftUI */ = {
			isa = XCSwiftPackageProductDependency;
			package = C2000001000000000000000A /* XCRemoteSwiftPackageReference "ConfettiSwiftUI" */;
			productName = ConfettiSwiftUI;
		};
		C2000001000000000000000C /* Lottie */ = {
			isa = XCSwiftPackageProductDependency;
			package = C20000010000000000000008 /* XCRemoteSwiftPackageReference "lottie-spm" */;
			productName = Lottie;
		};
		C2000001000000000000000D /* ConfettiSwiftUI */ = {
			isa = XCSwiftPackageProductDependency;
			package = C2000001000000000000000A /* XCRemoteSwiftPackageReference "ConfettiSwiftUI" */;
			productName = ConfettiSwiftUI;
		};
/* End XCSwiftPackageProductDependency section */
	};
	rootObject = A7BB440C2FF2A90B00752373 /* Project object */;
}
